
Microsoft Visual Studio Solution File, Format Version 12.00
# Visual Studio Version 16
VisualStudioVersion = 16.0.31729.503
MinimumVisualStudioVersion = 10.0.40219.1
Project("{FAE04EC0-301F-11D3-BF4B-00C04F79EFBC}") = "Inheritance", "Inheritance\Inheritance.csproj", "{A24886E2-7D25-45E2-B17E-5974B3C1A25B}"
EndProject
Global
	GlobalSection(SolutionConfigurationPlatforms) = preSolution
		Debug|Any CPU = Debug|Any CPU
		Release|Any CPU = Release|Any CPU
	EndGlobalSection
	GlobalSection(ProjectConfigurationPlatforms) = postSolution
		{A24886E2-7D25-45E2-B17E-5974B3C1A25B}.Debug|Any CPU.ActiveCfg = Debug|Any CPU
		{A24886E2-7D25-45E2-B17E-5974B3C1A25B}.Debug|Any CPU.Build.0 = Debug|Any CPU
		{A24886E2-7D25-45E2-B17E-5974B3C1A25B}.Release|Any CPU.ActiveCfg = Release|Any CPU
		{A24886E2-7D25-45E2-B17E-5974B3C1A25B}.Release|Any CPU.Build.0 = Release|Any CPU
	EndGlobalSection
	GlobalSection(SolutionProperties) = preSolution
		HideSolutionNode = FALSE
	EndGlobalSection
	GlobalSection(ExtensibilityGlobals) = postSolution
		SolutionGuid = {39CC2D90-CAAF-4DBD-B5E6-DE1D6DCAA2FD}
	EndGlobalSection
EndGlobal
